// !$*UTF8*$!
{
	archiveVersion = 1;
	classes = {
	};
	objectVersion = 77;
	objects = {

/* Begin PBXContainerItemProxy section */
		6448D83C2D922C02009D9A59 /* PBXContainerItemProxy */ = {
			isa = PBXContainerItemProxy;
			containerPortal = 6448D8232D922BFF009D9A59 /* Project object */;
			proxyType = 1;
			remoteGlobalIDString = 6448D82A2D922C00009D9A59;
			remoteInfo = RecipeMaker;
		};
		6448D8462D922C02009D9A59 /* PBXContainerItemProxy */ = {
			isa = PBXContainerItemProxy;
			containerPortal = 6448D8232D922BFF009D9A59 /* Project object */;
			proxyType = 1;
			remoteGlobalIDString = 6448D82A2D922C00009D9A59;
			remoteInfo = RecipeMaker;
		};
/* End PBXContainerItemProxy section */

/* Begin PBXFileReference section */
		644765312D922D4300BCE478 /* RecipeMaker.xctestplan */ = {isa = PBXFileReference; lastKnownFileType = text; path = RecipeMaker.xctestplan; sourceTree = "<group>"; };
		6448D82B2D922C00009D9A59 /* RecipeMaker.app */ = {isa = PBXFileReference; explicitFileType = wrapper.application; includeInIndex = 0; path = RecipeMaker.app; sourceTree = BUILT_PRODUCTS_DIR; };
		6448D83B2D922C02009D9A59 /* RecipeMakerTests.xctest */ = {isa = PBXFileReference; explicitFileType = wrapper.cfbundle; includeInIndex = 0; path = RecipeMakerTests.xctest; sourceTree = BUILT_PRODUCTS_DIR; };
		6448D8452D922C02009D9A59 /* RecipeMakerUITests.xctest */ = {isa = PBXFileReference; explicitFileType = wrapper.cfbundle; includeInIndex = 0; path = RecipeMakerUITests.xctest; sourceTree = BUILT_PRODUCTS_DIR; };
/* End PBXFileReference section */

/* Begin PBXFileSystemSynchronizedRootGroup section */
		6448D82D2D922C00009D9A59 /* RecipeMaker */ = {
			isa = PBXFileSystemSynchronizedRootGroup;
			path = RecipeMaker;
			sourceTree = "<group>";
		};
		6448D83E2D922C02009D9A59 /* RecipeMakerTests */ = {
			isa = PBXFileSystemSynchronizedRootGroup;
			path = RecipeMakerTests;
			sourceTree = "<group>";
		};
		6448D8482D922C02009D9A59 /* RecipeMakerUITests */ = {
			isa = PBXFileSystemSynchronizedRootGroup;
			path = RecipeMakerUITests;
			sourceTree = "<group>";
		};
/* End PBXFileSystemSynchronizedRootGroup section */

/* Begin PBXFrameworksBuildPhase section */
		6448D8282D922C00009D9A59 /* Frameworks */ = {
			isa = PBXFrameworksBuildPhase;
			buildActionMask = 2147483647;
			files = (
			);
			runOnlyForDeploymentPostprocessing = 0;
		};
		6448D8382D922C02009D9A59 /* Frameworks */ = {
			isa = PBXFrameworksBuildPhase;
			buildActionMask = 2147483647;
			files = (
			);
			runOnlyForDeploymentPostprocessing = 0;
		};
		6448D8422D922C02009D9A59 /* Frameworks */ = {
			isa = PBXFrameworksBuildPhase;
			buildActionMask = 2147483647;
			files = (
			);
			runOnlyForDeploymentPostprocessing = 0;
		};
/* End PBXFrameworksBuildPhase section */

/* Begin PBXGroup section */
		6448D8222D922BFF009D9A59 = {
			isa = PBXGroup;
			children = (
				644765312D922D4300BCE478 /* RecipeMaker.xctestplan */,
				6448D82D2D922C00009D9A59 /* RecipeMaker */,
				6448D83E2D922C02009D9A59 /* RecipeMakerTests */,
				6448D8482D922C02009D9A59 /* RecipeMakerUITests */,
				6448D82C2D922C00009D9A59 /* Products */,
			);
			sourceTree = "<group>";
		};
		6448D82C2D922C00009D9A59 /* Products */ = {
			isa = PBXGroup;
			children = (
				6448D82B2D922C00009D9A59 /* RecipeMaker.app */,
				6448D83B2D922C02009D9A59 /* RecipeMakerTests.xctest */,
				6448D8452D922C02009D9A59 /* RecipeMakerUITests.xctest */,
			);
			name = Products;
			sourceTree = "<group>";
		};
/* End PBXGroup section */

/* Begin PBXNativeTarget section */
		6448D82A2D922C00009D9A59 /* RecipeMaker */ = {
			isa = PBXNativeTarget;
			buildConfigurationList = 6448D84F2D922C02009D9A59 /* Build configuration list for PBXNativeTarget "RecipeMaker" */;
			buildPhases = (
				6448D8272D922C00009D9A59 /* Sources */,
				6448D8282D922C00009D9A59 /* Frameworks */,
				6448D8292D922C00009D9A59 /* Resources */,
			);
			buildRules = (
			);
			dependencies = (
			);
			fileSystemSynchronizedGroups = (
				6448D82D2D922C00009D9A59 /* RecipeMaker */,
			);
			name = RecipeMaker;
			packageProductDependencies = (
			);
			productName = RecipeMaker;
			productReference = 6448D82B2D922C00009D9A59 /* RecipeMaker.app */;
			productType = "com.apple.product-type.application";
		};
		6448D83A2D922C02009D9A59 /* RecipeMakerTests */ = {
			isa = PBXNativeTarget;
			buildConfigurationList = 6448D8522D922C02009D9A59 /* Build configuration list for PBXNativeTarget "RecipeMakerTests" */;
			buildPhases = (
				6448D8372D922C02009D9A59 /* Sources */,
				6448D8382D922C02009D9A59 /* Frameworks */,
				6448D8392D922C02009D9A59 /* Resources */,
			);
			buildRules = (
			);
			dependencies = (
				6448D83D2D922C02009D9A59 /* PBXTargetDependency */,
			);
			fileSystemSynchronizedGroups = (
				6448D83E2D922C02009D9A59 /* RecipeMakerTests */,
			);
			name = RecipeMakerTests;
			packageProductDependencies = (
			);
			productName = RecipeMakerTests;
			productReference = 6448D83B2D922C02009D9A59 /* RecipeMakerTests.xctest */;
			productType = "com.apple.product-type.bundle.unit-test";
		};
		6448D8442D922C02009D9A59 /* RecipeMakerUITests */ = {
			isa = PBXNativeTarget;
			buildConfigurationList = 6448D8552D922C02009D9A59 /* Build configuration list for PBXNativeTarget "RecipeMakerUITests" */;
			buildPhases = (
				6448D8412D922C02009D9A59 /* Sources */,
				6448D8422D922C02009D9A59 /* Frameworks */,
				6448D8432D922C02009D9A59 /* Resources */,
			);
			buildRules = (
			);
			dependencies = (
				6448D8472D922C02009D9A59 /* PBXTargetDependency */,
			);
			fileSystemSynchronizedGroups = (
				6448D8482D922C02009D9A59 /* RecipeMakerUITests */,
			);
			name = RecipeMakerUITests;
			packageProductDependencies = (
			);
			productName = RecipeMakerUITests;
			productReference = 6448D8452D922C02009D9A59 /* RecipeMakerUITests.xctest */;
			productType = "com.apple.product-type.bundle.ui-testing";
		};
/* End PBXNativeTarget section */

/* Begin PBXProject section */
		6448D8232D922BFF009D9A59 /* Project object */ = {
			isa = PBXProject;
			attributes = {
				BuildIndependentTargetsInParallel = 1;
				LastSwiftUpdateCheck = 1620;
				LastUpgradeCheck = 1620;
				TargetAttributes = {
					6448D82A2D922C00009D9A59 = {
						CreatedOnToolsVersion = 16.2;
					};
					6448D83A2D922C02009D9A59 = {
						CreatedOnToolsVersion = 16.2;
						TestTargetID = 6448D82A2D922C00009D9A59;
					};
					6448D8442D922C02009D9A59 = {
						CreatedOnToolsVersion = 16.2;
						TestTargetID = 6448D82A2D922C00009D9A59;
					};
				};
			};
			buildConfigurationList = 6448D8262D922BFF009D9A59 /* Build configuration list for PBXProject "RecipeMaker" */;
			developmentRegion = en;
			hasScannedForEncodings = 0;
			knownRegions = (
				en,
				Base,
			);
			mainGroup = 6448D8222D922BFF009D9A59;
			minimizedProjectReferenceProxies = 1;
			preferredProjectObjectVersion = 77;
			productRefGroup = 6448D82C2D922C00009D9A59 /* Products */;
			projectDirPath = "";
			projectRoot = "";
			targets = (
				6448D82A2D922C00009D9A59 /* RecipeMaker */,
				6448D83A2D922C02009D9A59 /* RecipeMakerTests */,
				6448D8442D922C02009D9A59 /* RecipeMakerUITests */,
			);
		};
/* End PBXProject section */

/* Begin PBXResourcesBuildPhase section */
		6448D8292D922C00009D9A59 /* Resources */ = {
			isa = PBXResourcesBuildPhase;
			buildActionMask = 2147483647;
			files = (
			);
			runOnlyForDeploymentPostprocessing = 0;
		};
		6448D8392D922C02009D9A59 /* Resources */ = {
			isa = PBXResourcesBuildPhase;
			buildActionMask = 2147483647;
			files = (
			);
			runOnlyForDeploymentPostprocessing = 0;
		};
		6448D8432D922C02009D9A59 /* Resources */ = {
			isa = PBXResourcesBuildPhase;
			buildActionMask = 2147483647;
			files = (
			);
			runOnlyForDeploymentPostprocessing = 0;
		};
/* End PBXResourcesBuildPhase section */

/* Begin PBXSourcesBuildPhase section */
		6448D8272D922C00009D9A59 /* Sources */ = {
			isa = PBXSourcesBuildPhase;
			buildActionMask = 2147483647;
			files = (
			);
			runOnlyForDeploymentPostprocessing = 0;
		};
		6448D8372D922C02009D9A59 /* Sources */ = {
			isa = PBXSourcesBuildPhase;
			buildActionMask = 2147483647;
			files = (
			);
			runOnlyForDeploymentPostprocessing = 0;
		};
		6448D8412D922C02009D9A59 /* Sources */ = {
			isa = PBXSourcesBuildPhase;
			buildActionMask = 2147483647;
			files = (
			);
			runOnlyForDeploymentPostprocessing = 0;
		};
/* End PBXSourcesBuildPhase section */

/* Begin PBXTargetDependency section */
		6448D83D2D922C02009D9A59 /* PBXTargetDependency */ = {
			isa = PBXTargetDependency;
			target = 6448D82A2D922C00009D9A59 /* RecipeMaker */;
			targetProxy = 6448D83C2D922C02009D9A59 /* PBXContainerItemProxy */;
		};
		6448D8472D922C02009D9A59 /* PBXTargetDependency */ = {
			isa = PBXTargetDependency;
			target = 6448D82A2D922C00009D9A59 /* RecipeMaker */;
			targetProxy = 6448D8462D922C02009D9A59 /* PBXContainerItemProxy */;
		};
/* End PBXTargetDependency section */

/* Begin XCBuildConfiguration section */
		6448D84D2D922C02009D9A59 /* Debug */ = {
			isa = XCBuildConfiguration;
			buildSettings = {
				ALWAYS_SEARCH_USER_PATHS = NO;
				ASSETCATALOG_COMPILER_GENERATE_SWIFT_ASSET_SYMBOL_EXTENSIONS = YES;
				CLANG_ANALYZER_NONNULL = YES;
				CLANG_ANALYZER_NUMBER_OBJECT_CONVERSION = YES_AGGRESSIVE;
				CLANG_CXX_LANGUAGE_STANDARD = "gnu++20";
				CLANG_ENABLE_MODULES = YES;
				CLANG_ENABLE_OBJC_ARC = YES;
				CLANG_ENABLE_OBJC_WEAK = YES;
				CLANG_WARN_BLOCK_CAPTURE_AUTORELEASING = YES;
				CLANG_WARN_BOOL_CONVERSION = YES;
				CLANG_WARN_COMMA = YES;
				CLANG_WARN_CONSTANT_CONVERSION = YES;
				CLANG_WARN_DEPRECATED_OBJC_IMPLEMENTATIONS = YES;
				CLANG_WARN_DIRECT_OBJC_ISA_USAGE = YES_ERROR;
				CLANG_WARN_DOCUMENTATION_COMMENTS = YES;
				CLANG_WARN_EMPTY_BODY = YES;
				CLANG_WARN_ENUM_CONVERSION = YES;
				CLANG_WARN_INFINITE_RECURSION = YES;
				CLANG_WARN_INT_CONVERSION = YES;
				CLANG_WARN_NON_LITERAL_NULL_CONVERSION = YES;
				CLANG_WARN_OBJC_IMPLICIT_RETAIN_SELF = YES;
				CLANG_WARN_OBJC_LITERAL_CONVERSION = YES;
				CLANG_WARN_OBJC_ROOT_CLASS = YES_ERROR;
				CLANG_WARN_QUOTED_INCLUDE_IN_FRAMEWORK_HEADER = YES;
				CLANG_WARN_RANGE_LOOP_ANALYSIS = YES;
				CLANG_WARN_STRICT_PROTOTYPES = YES;
				CLANG_WARN_SUSPICIOUS_MOVE = YES;
				CLANG_WARN_UNGUARDED_AVAILABILITY = YES_AGGRESSIVE;
				CLANG_WARN_UNREACHABLE_CODE = YES;
				CLANG_WARN__DUPLICATE_METHOD_MATCH = YES;
				COPY_PHASE_STRIP = NO;
				DEBUG_INFORMATION_FORMAT = dwarf;
				ENABLE_STRICT_OBJC_MSGSEND = YES;
				ENABLE_TESTABILITY = YES;
				ENABLE_USER_SCRIPT_SANDBOXING = YES;
				GCC_C_LANGUAGE_STANDARD = gnu17;
				GCC_DYNAMIC_NO_PIC = NO;
				GCC_NO_COMMON_BLOCKS = YES;
				GCC_OPTIMIZATION_LEVEL = 0;
				GCC_PREPROCESSOR_DEFINITIONS = (
					"DEBUG=1",
					"$(inherited)",
				);
				GCC_WARN_64_TO_32_BIT_CONVERSION = YES;
				GCC_WARN_ABOUT_RETURN_TYPE = YES_ERROR;
				GCC_WARN_UNDECLARED_SELECTOR = YES;
				GCC_WARN_UNINITIALIZED_AUTOS = YES_AGGRESSIVE;
				GCC_WARN_UNUSED_FUNCTION = YES;
				GCC_WARN_UNUSED_VARIABLE = YES;
				IPHONEOS_DEPLOYMENT_TARGET = 18.2;
				LOCALIZATION_PREFERS_STRING_CATALOGS = YES;
				MTL_ENABLE_DEBUG_INFO = INCLUDE_SOURCE;
				MTL_FAST_MATH = YES;
				ONLY_ACTIVE_ARCH = YES;
				SDKROOT = iphoneos;
				SWIFT_ACTIVE_COMPILATION_CONDITIONS = "DEBUG $(inherited)";
				SWIFT_OPTIMIZATION_LEVEL = "-Onone";
			};
			name = Debug;
		};
		6448D84E2D922C02009D9A59 /* Release */ = {
			isa = XCBuildConfiguration;
			buildSettings = {
				ALWAYS_SEARCH_USER_PATHS = NO;
				ASSETCATALOG_COMPILER_GENERATE_SWIFT_ASSET_SYMBOL_EXTENSIONS = YES;
				CLANG_ANALYZER_NONNULL = YES;
				CLANG_ANALYZER_NUMBER_OBJECT_CONVERSION = YES_AGGRESSIVE;
				CLANG_CXX_LANGUAGE_STANDARD = "gnu++20";
				CLANG_ENABLE_MODULES = YES;
				CLANG_ENABLE_OBJC_ARC = YES;
				CLANG_ENABLE_OBJC_WEAK = YES;
				CLANG_WARN_BLOCK_CAPTURE_AUTORELEASING = YES;
				CLANG_WARN_BOOL_CONVERSION = YES;
				CLANG_WARN_COMMA = YES;
				CLANG_WARN_CONSTANT_CONVERSION = YES;
				CLANG_WARN_DEPRECATED_OBJC_IMPLEMENTATIONS = YES;
				CLANG_WARN_DIRECT_OBJC_ISA_USAGE = YES_ERROR;
				CLANG_WARN_DOCUMENTATION_COMMENTS = YES;
				CLANG_WARN_EMPTY_BODY = YES;
				CLANG_WARN_ENUM_CONVERSION = YES;
				CLANG_WARN_INFINITE_RECURSION = YES;
				CLANG_WARN_INT_CONVERSION = YES;
				CLANG_WARN_NON_LITERAL_NULL_CONVERSION = YES;
				CLANG_WARN_OBJC_IMPLICIT_RETAIN_SELF = YES;
				CLANG_WARN_OBJC_LITERAL_CONVERSION = YES;
				CLANG_WARN_OBJC_ROOT_CLASS = YES_ERROR;
				CLANG_WARN_QUOTED_INCLUDE_IN_FRAMEWORK_HEADER = YES;
				CLANG_WARN_RANGE_LOOP_ANALYSIS = YES;
				CLANG_WARN_STRICT_PROTOTYPES = YES;
				CLANG_WARN_SUSPICIOUS_MOVE = YES;
				CLANG_WARN_UNGUARDED_AVAILABILITY = YES_AGGRESSIVE;
				CLANG_WARN_UNREACHABLE_CODE = YES;
				CLANG_WARN__DUPLICATE_METHOD_MATCH = YES;
				COPY_PHASE_STRIP = NO;
				DEBUG_INFORMATION_FORMAT = "dwarf-with-dsym";
				ENABLE_NS_ASSERTIONS = NO;
				ENABLE_STRICT_OBJC_MSGSEND = YES;
				ENABLE_USER_SCRIPT_SANDBOXING = YES;
				GCC_C_LANGUAGE_STANDARD = gnu17;
				GCC_NO_COMMON_BLOCKS = YES;
				GCC_WARN_64_TO_32_BIT_CONVERSION = YES;
				GCC_WARN_ABOUT_RETURN_TYPE = YES_ERROR;
				GCC_WARN_UNDECLARED_SELECTOR = YES;
				GCC_WARN_UNINITIALIZED_AUTOS = YES_AGGRESSIVE;
				GCC_WARN_UNUSED_FUNCTION = YES;
				GCC_WARN_UNUSED_VARIABLE = YES;
				IPHONEOS_DEPLOYMENT_TARGET = 18.2;
				LOCALIZATION_PREFERS_STRING_CATALOGS = YES;
				MTL_ENABLE_DEBUG_INFO = NO;
				MTL_FAST_MATH = YES;
				SDKROOT = iphoneos;
				SWIFT_COMPILATION_MODE = wholemodule;
				VALIDATE_PRODUCT = YES;
			};
			name = Release;
		};
		6448D8502D922C02009D9A59 /* Debug */ = {
			isa = XCBuildConfiguration;
			buildSettings = {
				ASSETCATALOG_COMPILER_APPICON_NAME = AppIcon;
				ASSETCATALOG_COMPILER_GLOBAL_ACCENT_COLOR_NAME = AccentColor;
				CODE_SIGN_STYLE = Automatic;
				CURRENT_PROJECT_VERSION = 1;
				DEVELOPMENT_ASSET_PATHS = "\"RecipeMaker/Preview Content\"";
				DEVELOPMENT_TEAM = S3AXEACKMV;
				ENABLE_PREVIEWS = YES;
				GENERATE_INFOPLIST_FILE = YES;
				INFOPLIST_KEY_UIApplicationSceneManifest_Generation = YES;
				INFOPLIST_KEY_UIApplicationSupportsIndirectInputEvents = YES;
				INFOPLIST_KEY_UILaunchScreen_Generation = YES;
				INFOPLIST_KEY_UISupportedInterfaceOrientations_iPad = "UIInterfaceOrientationPortrait UIInterfaceOrientationPortraitUpsideDown UIInterfaceOrientationLandscapeLeft UIInterfaceOrientationLandscapeRight";
				INFOPLIST_KEY_UISupportedInterfaceOrientations_iPhone = "UIInterfaceOrientationPortrait UIInterfaceOrientationLandscapeLeft UIInterfaceOrientationLandscapeRight";
				LD_RUNPATH_SEARCH_PATHS = (
					"$(inherited)",
					"@executable_path/Frameworks",
				);
				MARKETING_VERSION = 1.0;
				PRODUCT_BUNDLE_IDENTIFIER = com.arbiapps.RecipeMaker;
				PRODUCT_NAME = "$(TARGET_NAME)";
				SWIFT_EMIT_LOC_STRINGS = YES;
				SWIFT_VERSION = 5.0;
				TARGETED_DEVICE_FAMILY = "1,2";
			};
			name = Debug;
		};
		6448D8512D922C02009D9A59 /* Release */ = {
			isa = XCBuildConfiguration;
			buildSettings = {
				ASSETCATALOG_COMPILER_APPICON_NAME = AppIcon;
				ASSETCATALOG_COMPILER_GLOBAL_ACCENT_COLOR_NAME = AccentColor;
				CODE_SIGN_STYLE = Automatic;
				CURRENT_PROJECT_VERSION = 1;
				DEVELOPMENT_ASSET_PATHS = "\"RecipeMaker/Preview Content\"";
				DEVELOPMENT_TEAM = S3AXEACKMV;
				ENABLE_PREVIEWS = YES;
				GENERATE_INFOPLIST_FILE = YES;
				INFOPLIST_KEY_UIApplicationSceneManifest_Generation = YES;
				INFOPLIST_KEY_UIApplicationSupportsIndirectInputEvents = YES;
				INFOPLIST_KEY_UILaunchScreen_Generation = YES;
				INFOPLIST_KEY_UISupportedInterfaceOrientations_iPad = "UIInterfaceOrientationPortrait UIInterfaceOrientationPortraitUpsideDown UIInterfaceOrientationLandscapeLeft UIInterfaceOrientationLandscapeRight";
				INFOPLIST_KEY_UISupportedInterfaceOrientations_iPhone = "UIInterfaceOrientationPortrait UIInterfaceOrientationLandscapeLeft UIInterfaceOrientationLandscapeRight";
				LD_RUNPATH_SEARCH_PATHS = (
					"$(inherited)",
					"@executable_path/Frameworks",
				);
				MARKETING_VERSION = 1.0;
				PRODUCT_BUNDLE_IDENTIFIER = com.arbiapps.RecipeMaker;
				PRODUCT_NAME = "$(TARGET_NAME)";
				SWIFT_EMIT_LOC_STRINGS = YES;
				SWIFT_VERSION = 5.0;
				TARGETED_DEVICE_FAMILY = "1,2";
			};
			name = Release;
		};
		6448D8532D922C02009D9A59 /* Debug */ = {
			isa = XCBuildConfiguration;
			buildSettings = {
				BUNDLE_LOADER = "$(TEST_HOST)";
				CODE_SIGN_STYLE = Automatic;
				CURRENT_PROJECT_VERSION = 1;
				DEVELOPMENT_TEAM = S3AXEACKMV;
				GENERATE_INFOPLIST_FILE = YES;
				IPHONEOS_DEPLOYMENT_TARGET = 18.2;
				MARKETING_VERSION = 1.0;
				PRODUCT_BUNDLE_IDENTIFIER = com.arbiapps.RecipeMakerTests;
				PRODUCT_NAME = "$(TARGET_NAME)";
				SWIFT_EMIT_LOC_STRINGS = NO;
				SWIFT_VERSION = 5.0;
				TARGETED_DEVICE_FAMILY = "1,2";
				TEST_HOST = "$(BUILT_PRODUCTS_DIR)/RecipeMaker.app/$(BUNDLE_EXECUTABLE_FOLDER_PATH)/RecipeMaker";
			};
			name = Debug;
		};
		6448D8542D922C02009D9A59 /* Release */ = {
			isa = XCBuildConfiguration;
			buildSettings = {
				BUNDLE_LOADER = "$(TEST_HOST)";
				CODE_SIGN_STYLE = Automatic;
				CURRENT_PROJECT_VERSION = 1;
				DEVELOPMENT_TEAM = S3AXEACKMV;
				GENERATE_INFOPLIST_FILE = YES;
				IPHONEOS_DEPLOYMENT_TARGET = 18.2;
				MARKETING_VERSION = 1.0;
				PRODUCT_BUNDLE_IDENTIFIER = com.arbiapps.RecipeMakerTests;
				PRODUCT_NAME = "$(TARGET_NAME)";
				SWIFT_EMIT_LOC_STRINGS = NO;
				SWIFT_VERSION = 5.0;
				TARGETED_DEVICE_FAMILY = "1,2";
				TEST_HOST = "$(BUILT_PRODUCTS_DIR)/RecipeMaker.app/$(BUNDLE_EXECUTABLE_FOLDER_PATH)/RecipeMaker";
			};
			name = Release;
		};
		6448D8562D922C02009D9A59 /* Debug */ = {
			isa = XCBuildConfiguration;
			buildSettings = {
				CODE_SIGN_STYLE = Automatic;
				CURRENT_PROJECT_VERSION = 1;
				DEVELOPMENT_TEAM = S3AXEACKMV;
				GENERATE_INFOPLIST_FILE = YES;
				MARKETING_VERSION = 1.0;
				PRODUCT_BUNDLE_IDENTIFIER = com.arbiapps.RecipeMakerUITests;
				PRODUCT_NAME = "$(TARGET_NAME)";
				SWIFT_EMIT_LOC_STRINGS = NO;
				SWIFT_VERSION = 5.0;
				TARGETED_DEVICE_FAMILY = "1,2";
				TEST_TARGET_NAME = RecipeMaker;
			};
			name = Debug;
		};
		6448D8572D922C02009D9A59 /* Release */ = {
			isa = XCBuildConfiguration;
			buildSettings = {
				CODE_SIGN_STYLE = Automatic;
				CURRENT_PROJECT_VERSION = 1;
				DEVELOPMENT_TEAM = S3AXEACKMV;
				GENERATE_INFOPLIST_FILE = YES;
				MARKETING_VERSION = 1.0;
				PRODUCT_BUNDLE_IDENTIFIER = com.arbiapps.RecipeMakerUITests;
				PRODUCT_NAME = "$(TARGET_NAME)";
				SWIFT_EMIT_LOC_STRINGS = NO;
				SWIFT_VERSION = 5.0;
				TARGETED_DEVICE_FAMILY = "1,2";
				TEST_TARGET_NAME = RecipeMaker;
			};
			name = Release;
		};
/* End XCBuildConfiguration section */

/* Begin XCConfigurationList section */
		6448D8262D922BFF009D9A59 /* Build configuration list for PBXProject "RecipeMaker" */ = {
			isa = XCConfigurationList;
			buildConfigurations = (
				6448D84D2D922C02009D9A59 /* Debug */,
				6448D84E2D922C02009D9A59 /* Release */,
			);
			defaultConfigurationIsVisible = 0;
			defaultConfigurationName = Release;
		};
		6448D84F2D922C02009D9A59 /* Build configuration list for PBXNativeTarget "RecipeMaker" */ = {
			isa = XCConfigurationList;
			buildConfigurations = (
				6448D8502D922C02009D9A59 /* Debug */,
				6448D8512D922C02009D9A59 /* Release */,
			);
			defaultConfigurationIsVisible = 0;
			defaultConfigurationName = Release;
		};
		6448D8522D922C02009D9A59 /* Build configuration list for PBXNativeTarget "RecipeMakerTests" */ = {
			isa = XCConfigurationList;
			buildConfigurations = (
				6448D8532D922C02009D9A59 /* Debug */,
				6448D8542D922C02009D9A59 /* Release */,
			);
			defaultConfigurationIsVisible = 0;
			defaultConfigurationName = Release;
		};
		6448D8552D922C02009D9A59 /* Build configuration list for PBXNativeTarget "RecipeMakerUITests" */ = {
			isa = XCConfigurationList;
			buildConfigurations = (
				6448D8562D922C02009D9A59 /* Debug */,
				6448D8572D922C02009D9A59 /* Release */,
			);
			defaultConfigurationIsVisible = 0;
			defaultConfigurationName = Release;
		};
/* End XCConfigurationList section */
	};
	rootObject = 6448D8232D922BFF009D9A59 /* Project object */;
}
